
Microsoft Visual Studio Solution File, Format Version 12.00
# Visual Studio 15
VisualStudioVersion = 15.0.28010.0
MinimumVisualStudioVersion = 10.0.40219.1
Project("{FAE04EC0-301F-11D3-BF4B-00C04F79EFBC}") = "videowall_client", "videowall_client.csproj", "{B8EAE3BC-FB99-496C-804D-33CBD0CE3B25}"
EndProject
Global
	GlobalSection(SolutionConfigurationPlatforms) = preSolution
		Debug|Any CPU = Debug|Any CPU
		Release|Any CPU = Release|Any CPU
	EndGlobalSection
	GlobalSection(ProjectConfigurationPlatforms) = postSolution
		{B8EAE3BC-FB99-496C-804D-33CBD0CE3B25}.Debug|Any CPU.ActiveCfg = Debug|Any CPU
		{B8EAE3BC-FB99-496C-804D-33CBD0CE3B25}.Debug|Any CPU.Build.0 = Debug|Any CPU
		{B8EAE3BC-FB99-496C-804D-33CBD0CE3B25}.Release|Any CPU.ActiveCfg = Release|Any CPU
		{B8EAE3BC-FB99-496C-804D-33CBD0CE3B25}.Release|Any CPU.Build.0 = Release|Any CPU
	EndGlobalSection
	GlobalSection(SolutionProperties) = preSolution
		HideSolutionNode = FALSE
	EndGlobalSection
	GlobalSection(ExtensibilityGlobals) = postSolution
		SolutionGuid = {76DAA5E2-0D0E-4C89-8E33-D1A885FED6B1}
	EndGlobalSection
EndGlobal
